PODS:
  - Cards (1.3.5):
    - Player (= 0.12.0)
  - CULColorPicker (0.1.0)
  - FaveButton (3.2.0)
  - HapticButton (0.1)
  - IGColorPicker (0.4.2):
    - M13Checkbox (~> 3.2.0)
  - M13Checkbox (3.2.2)
  - NotchyAlert (1.0)
  - Player (0.12.0)
  - Slope (1.2)
  - SPStorkController (1.5.4)

DEPENDENCIES:
  - Cards (from `https://github.com/PaoloCuscela/Cards.git`)
  - CULColorPicker
  - FaveButton
  - HapticButton
  - IGColorPicker
  - NotchyAlert
  - Slope
  - SPStorkController

SPEC REPOS:
  https://github.com/cocoapods/specs.git:
    - CULColorPicker
    - FaveButton
    - HapticButton
    - IGColorPicker
    - M13Checkbox
    - NotchyAlert
    - Player
    - Slope
    - SPStorkController

EXTERNAL SOURCES:
  Cards:
    :git: https://github.com/PaoloCuscela/Cards.git

CHECKOUT OPTIONS:
  Cards:
    :commit: bf822df83c374bf0f68a8d6808e58cbdfee23e67
    :git: https://github.com/PaoloCuscela/Cards.git

SPEC CHECKSUMS:
  Cards: 8526a56439b0856cbd1fec4c5716c06502aaedea
  CULColorPicker: 43417b036b75277029de0c489d94d6d3a7378ddc
  FaveButton: c818ab3d04d22a7615e93f08c7b35932acb3f735
  HapticButton: 7f244fb23421c2a7d2245457e745a809aab65c77
  IGColorPicker: c6d43aa386a9fdc8f958f3bd4e5ab85905242c8a
  M13Checkbox: a8c2491cfbbca10797925fd0b9154a782bf40d89
  NotchyAlert: 2e5f0acfeff794c673f14538c2a0b01095145d72
  Player: b5bf7d5533287e83289bde4809627a02df88142c
  Slope: b1c2c869ca7428b2b76799da4bc29d67907eaa93
  SPStorkController: 6c34a0375ef1254299e460784886ff4e929b82ed

PODFILE CHECKSUM: fb045d38ddd0e9ca323e5b3095ba6db965744779

COCOAPODS: 1.6.1
