PODS:
  - CULColorPicker (0.1.0)
  - HapticButton (0.1)
  - Slope (1.2)

DEPENDENCIES:
  - CULColorPicker
  - HapticButton
  - Slope

SPEC REPOS:
  https://github.com/cocoapods/specs.git:
    - CULColorPicker
    - HapticButton
    - Slope

SPEC CHECKSUMS:
  CULColorPicker: 43417b036b75277029de0c489d94d6d3a7378ddc
  HapticButton: 7f244fb23421c2a7d2245457e745a809aab65c77
  Slope: b1c2c869ca7428b2b76799da4bc29d67907eaa93

PODFILE CHECKSUM: 1d22250cbd255cbeb81629436c2c80372fd4e803

COCOAPODS: 1.6.1
